
Microsoft Visual Studio Solution File, Format Version 12.00
# Visual Studio Version 17
VisualStudioVersion = 17.0.31903.59
MinimumVisualStudioVersion = 10.0.40219.1
Project("{2150E333-8FDC-42A3-9474-1A3956D46DE8}") = "src", "src", "{714FCA6E-BB30-4974-B6FD-7A2FD9E9EECB}"
EndProject
Project("{2150E333-8FDC-42A3-9474-1A3956D46DE8}") = "tests", "tests", "{CF824C52-9620-48E7-B015-F148A20D856F}"
EndProject
Project("{9A19103F-16F7-4668-BE54-9A1E7A4F7556}") = "Library.Api", "src\Library.Api\Library.Api.csproj", "{299FA8DF-6E3E-4602-AF16-6C74F071F020}"
EndProject
Project("{9A19103F-16F7-4668-BE54-9A1E7A4F7556}") = "Library.Api.Tests.Integration", "tests\Library.Api.Tests.Integration\Library.Api.Tests.Integration.csproj", "{A3236DFD-1D13-4E9A-B60D-5E50AD9B6C6A}"
EndProject
Global
	GlobalSection(SolutionConfigurationPlatforms) = preSolution
		Debug|Any CPU = Debug|Any CPU
		Release|Any CPU = Release|Any CPU
	EndGlobalSection
	GlobalSection(ProjectConfigurationPlatforms) = postSolution
		{299FA8DF-6E3E-4602-AF16-6C74F071F020}.Debug|Any CPU.ActiveCfg = Debug|Any CPU
		{299FA8DF-6E3E-4602-AF16-6C74F071F020}.Debug|Any CPU.Build.0 = Debug|Any CPU
		{299FA8DF-6E3E-4602-AF16-6C74F071F020}.Release|Any CPU.ActiveCfg = Release|Any CPU
		{299FA8DF-6E3E-4602-AF16-6C74F071F020}.Release|Any CPU.Build.0 = Release|Any CPU
		{A3236DFD-1D13-4E9A-B60D-5E50AD9B6C6A}.Debug|Any CPU.ActiveCfg = Debug|Any CPU
		{A3236DFD-1D13-4E9A-B60D-5E50AD9B6C6A}.Debug|Any CPU.Build.0 = Debug|Any CPU
		{A3236DFD-1D13-4E9A-B60D-5E50AD9B6C6A}.Release|Any CPU.ActiveCfg = Release|Any CPU
		{A3236DFD-1D13-4E9A-B60D-5E50AD9B6C6A}.Release|Any CPU.Build.0 = Release|Any CPU
	EndGlobalSection
	GlobalSection(SolutionProperties) = preSolution
		HideSolutionNode = FALSE
	EndGlobalSection
	GlobalSection(NestedProjects) = preSolution
		{299FA8DF-6E3E-4602-AF16-6C74F071F020} = {714FCA6E-BB30-4974-B6FD-7A2FD9E9EECB}
		{A3236DFD-1D13-4E9A-B60D-5E50AD9B6C6A} = {CF824C52-9620-48E7-B015-F148A20D856F}
	EndGlobalSection
EndGlobal
